
Microsoft Visual Studio Solution File, Format Version 12.00
# Visual Studio Version 17
VisualStudioVersion = 17.12.35527.113
MinimumVisualStudioVersion = 10.0.40219.1
Project("{FAE04EC0-301F-11D3-BF4B-00C04F79EFBC}") = "Demo1", "Demo1.csproj", "{9B28F21C-6C05-4990-8D1A-C70A371192CF}"
EndProject
Project("{FAE04EC0-301F-11D3-BF4B-00C04F79EFBC}") = "Demo2", "..\Demo2\Demo2.csproj", "{17224474-4C66-49E7-B876-92748C2027C1}"
EndProject
Project("{FAE04EC0-301F-11D3-BF4B-00C04F79EFBC}") = "Demo3", "..\Demo3\Demo3.csproj", "{C591ECC1-054F-4E0B-AE5D-6249DBB17D7E}"
EndProject
Project("{FAE04EC0-301F-11D3-BF4B-00C04F79EFBC}") = "Demo4", "..\Demo4\Demo4.csproj", "{E8AD087A-6F1E-4C7C-AB8E-420AF332558B}"
EndProject
Project("{FAE04EC0-301F-11D3-BF4B-00C04F79EFBC}") = "Demo5", "..\Demo5\Demo5.csproj", "{17A27341-C9C3-4F24-B021-40D5F4A4CA3B}"
EndProject
Project("{FAE04EC0-301F-11D3-BF4B-00C04F79EFBC}") = "Demo6", "..\Demo6\Demo6.csproj", "{49C4C651-09B9-4F73-B420-49A2ACE45436}"
EndProject
Project("{FAE04EC0-301F-11D3-BF4B-00C04F79EFBC}") = "Demo7", "..\Demo7\Demo7.csproj", "{EF8B138C-1FEF-4B58-9350-5BBB7AE5DD64}"
EndProject
Project("{FAE04EC0-301F-11D3-BF4B-00C04F79EFBC}") = "Demo8", "..\Demo8\Demo8.csproj", "{2A7BA8E3-26E9-4135-A581-9740911CFEA8}"
EndProject
Project("{FAE04EC0-301F-11D3-BF4B-00C04F79EFBC}") = "Demo9", "..\Demo9\Demo9.csproj", "{0F92EB52-B3F7-4AAE-AB55-0C884626BC03}"
EndProject
Project("{FAE04EC0-301F-11D3-BF4B-00C04F79EFBC}") = "Demo10", "..\Demo10\Demo10.csproj", "{4029AEE0-9558-4DD4-9791-26B0513D6D27}"
EndProject
Project("{FAE04EC0-301F-11D3-BF4B-00C04F79EFBC}") = "Demo11", "..\Demo11\Demo11.csproj", "{D353021B-A6F9-499A-B1D1-2F2C83FEFCE7}"
EndProject
Project("{FAE04EC0-301F-11D3-BF4B-00C04F79EFBC}") = "Demo12", "..\Demo12\Demo12.csproj", "{3A821CE5-06E7-450D-840C-FD187761F84F}"
EndProject
Project("{FAE04EC0-301F-11D3-BF4B-00C04F79EFBC}") = "Demo13", "..\Demo13\Demo13.csproj", "{83048D15-A41E-420B-A650-4A3827F9722C}"
EndProject
Project("{FAE04EC0-301F-11D3-BF4B-00C04F79EFBC}") = "Demo15", "..\Demo15\Demo15.csproj", "{DDA1B9C2-DD94-4DA3-88AA-2D63628AE507}"
EndProject
Project("{FAE04EC0-301F-11D3-BF4B-00C04F79EFBC}") = "Demo14", "..\Demo14\Demo14.csproj", "{2DD2988C-8118-4838-859F-78793125D194}"
EndProject
Global
	GlobalSection(SolutionConfigurationPlatforms) = preSolution
		Debug|Any CPU = Debug|Any CPU
		Release|Any CPU = Release|Any CPU
	EndGlobalSection
	GlobalSection(ProjectConfigurationPlatforms) = postSolution
		{9B28F21C-6C05-4990-8D1A-C70A371192CF}.Debug|Any CPU.ActiveCfg = Debug|Any CPU
		{9B28F21C-6C05-4990-8D1A-C70A371192CF}.Debug|Any CPU.Build.0 = Debug|Any CPU
		{9B28F21C-6C05-4990-8D1A-C70A371192CF}.Release|Any CPU.ActiveCfg = Release|Any CPU
		{9B28F21C-6C05-4990-8D1A-C70A371192CF}.Release|Any CPU.Build.0 = Release|Any CPU
		{17224474-4C66-49E7-B876-92748C2027C1}.Debug|Any CPU.ActiveCfg = Debug|Any CPU
		{17224474-4C66-49E7-B876-92748C2027C1}.Debug|Any CPU.Build.0 = Debug|Any CPU
		{17224474-4C66-49E7-B876-92748C2027C1}.Release|Any CPU.ActiveCfg = Release|Any CPU
		{17224474-4C66-49E7-B876-92748C2027C1}.Release|Any CPU.Build.0 = Release|Any CPU
		{C591ECC1-054F-4E0B-AE5D-6249DBB17D7E}.Debug|Any CPU.ActiveCfg = Debug|Any CPU
		{C591ECC1-054F-4E0B-AE5D-6249DBB17D7E}.Debug|Any CPU.Build.0 = Debug|Any CPU
		{C591ECC1-054F-4E0B-AE5D-6249DBB17D7E}.Release|Any CPU.ActiveCfg = Release|Any CPU
		{C591ECC1-054F-4E0B-AE5D-6249DBB17D7E}.Release|Any CPU.Build.0 = Release|Any CPU
		{E8AD087A-6F1E-4C7C-AB8E-420AF332558B}.Debug|Any CPU.ActiveCfg = Debug|Any CPU
		{E8AD087A-6F1E-4C7C-AB8E-420AF332558B}.Debug|Any CPU.Build.0 = Debug|Any CPU
		{E8AD087A-6F1E-4C7C-AB8E-420AF332558B}.Release|Any CPU.ActiveCfg = Release|Any CPU
		{E8AD087A-6F1E-4C7C-AB8E-420AF332558B}.Release|Any CPU.Build.0 = Release|Any CPU
		{17A27341-C9C3-4F24-B021-40D5F4A4CA3B}.Debug|Any CPU.ActiveCfg = Debug|Any CPU
		{17A27341-C9C3-4F24-B021-40D5F4A4CA3B}.Debug|Any CPU.Build.0 = Debug|Any CPU
		{17A27341-C9C3-4F24-B021-40D5F4A4CA3B}.Release|Any CPU.ActiveCfg = Release|Any CPU
		{17A27341-C9C3-4F24-B021-40D5F4A4CA3B}.Release|Any CPU.Build.0 = Release|Any CPU
		{49C4C651-09B9-4F73-B420-49A2ACE45436}.Debug|Any CPU.ActiveCfg = Debug|Any CPU
		{49C4C651-09B9-4F73-B420-49A2ACE45436}.Debug|Any CPU.Build.0 = Debug|Any CPU
		{49C4C651-09B9-4F73-B420-49A2ACE45436}.Release|Any CPU.ActiveCfg = Release|Any CPU
		{49C4C651-09B9-4F73-B420-49A2ACE45436}.Release|Any CPU.Build.0 = Release|Any CPU
		{EF8B138C-1FEF-4B58-9350-5BBB7AE5DD64}.Debug|Any CPU.ActiveCfg = Debug|Any CPU
		{EF8B138C-1FEF-4B58-9350-5BBB7AE5DD64}.Debug|Any CPU.Build.0 = Debug|Any CPU
		{EF8B138C-1FEF-4B58-9350-5BBB7AE5DD64}.Release|Any CPU.ActiveCfg = Release|Any CPU
		{EF8B138C-1FEF-4B58-9350-5BBB7AE5DD64}.Release|Any CPU.Build.0 = Release|Any CPU
		{2A7BA8E3-26E9-4135-A581-9740911CFEA8}.Debug|Any CPU.ActiveCfg = Debug|Any CPU
		{2A7BA8E3-26E9-4135-A581-9740911CFEA8}.Debug|Any CPU.Build.0 = Debug|Any CPU
		{2A7BA8E3-26E9-4135-A581-9740911CFEA8}.Release|Any CPU.ActiveCfg = Release|Any CPU
		{2A7BA8E3-26E9-4135-A581-9740911CFEA8}.Release|Any CPU.Build.0 = Release|Any CPU
		{0F92EB52-B3F7-4AAE-AB55-0C884626BC03}.Debug|Any CPU.ActiveCfg = Debug|Any CPU
		{0F92EB52-B3F7-4AAE-AB55-0C884626BC03}.Debug|Any CPU.Build.0 = Debug|Any CPU
		{0F92EB52-B3F7-4AAE-AB55-0C884626BC03}.Release|Any CPU.ActiveCfg = Release|Any CPU
		{0F92EB52-B3F7-4AAE-AB55-0C884626BC03}.Release|Any CPU.Build.0 = Release|Any CPU
		{4029AEE0-9558-4DD4-9791-26B0513D6D27}.Debug|Any CPU.ActiveCfg = Debug|Any CPU
		{4029AEE0-9558-4DD4-9791-26B0513D6D27}.Debug|Any CPU.Build.0 = Debug|Any CPU
		{4029AEE0-9558-4DD4-9791-26B0513D6D27}.Release|Any CPU.ActiveCfg = Release|Any CPU
		{4029AEE0-9558-4DD4-9791-26B0513D6D27}.Release|Any CPU.Build.0 = Release|Any CPU
		{D353021B-A6F9-499A-B1D1-2F2C83FEFCE7}.Debug|Any CPU.ActiveCfg = Debug|Any CPU
		{D353021B-A6F9-499A-B1D1-2F2C83FEFCE7}.Debug|Any CPU.Build.0 = Debug|Any CPU
		{D353021B-A6F9-499A-B1D1-2F2C83FEFCE7}.Release|Any CPU.ActiveCfg = Release|Any CPU
		{D353021B-A6F9-499A-B1D1-2F2C83FEFCE7}.Release|Any CPU.Build.0 = Release|Any CPU
		{3A821CE5-06E7-450D-840C-FD187761F84F}.Debug|Any CPU.ActiveCfg = Debug|Any CPU
		{3A821CE5-06E7-450D-840C-FD187761F84F}.Debug|Any CPU.Build.0 = Debug|Any CPU
		{3A821CE5-06E7-450D-840C-FD187761F84F}.Release|Any CPU.ActiveCfg = Release|Any CPU
		{3A821CE5-06E7-450D-840C-FD187761F84F}.Release|Any CPU.Build.0 = Release|Any CPU
		{83048D15-A41E-420B-A650-4A3827F9722C}.Debug|Any CPU.ActiveCfg = Debug|Any CPU
		{83048D15-A41E-420B-A650-4A3827F9722C}.Debug|Any CPU.Build.0 = Debug|Any CPU
		{83048D15-A41E-420B-A650-4A3827F9722C}.Release|Any CPU.ActiveCfg = Release|Any CPU
		{83048D15-A41E-420B-A650-4A3827F9722C}.Release|Any CPU.Build.0 = Release|Any CPU
		{DDA1B9C2-DD94-4DA3-88AA-2D63628AE507}.Debug|Any CPU.ActiveCfg = Debug|Any CPU
		{DDA1B9C2-DD94-4DA3-88AA-2D63628AE507}.Debug|Any CPU.Build.0 = Debug|Any CPU
		{DDA1B9C2-DD94-4DA3-88AA-2D63628AE507}.Release|Any CPU.ActiveCfg = Release|Any CPU
		{DDA1B9C2-DD94-4DA3-88AA-2D63628AE507}.Release|Any CPU.Build.0 = Release|Any CPU
		{2DD2988C-8118-4838-859F-78793125D194}.Debug|Any CPU.ActiveCfg = Debug|Any CPU
		{2DD2988C-8118-4838-859F-78793125D194}.Debug|Any CPU.Build.0 = Debug|Any CPU
		{2DD2988C-8118-4838-859F-78793125D194}.Release|Any CPU.ActiveCfg = Release|Any CPU
		{2DD2988C-8118-4838-859F-78793125D194}.Release|Any CPU.Build.0 = Release|Any CPU
	EndGlobalSection
	GlobalSection(SolutionProperties) = preSolution
		HideSolutionNode = FALSE
	EndGlobalSection
EndGlobal
