
Microsoft Visual Studio Solution File, Format Version 12.00
# Visual Studio Version 17
VisualStudioVersion = 17.5.002.0
MinimumVisualStudioVersion = 10.0.40219.1
Project("{9A19103F-16F7-4668-BE54-9A1E7A4F7556}") = "CountOnes", "CountOnes.csproj", "{D2E99AA1-A99F-42E1-9377-747DC743E90C}"
EndProject
Global
	GlobalSection(SolutionConfigurationPlatforms) = preSolution
		Debug|Any CPU = Debug|Any CPU
		Release|Any CPU = Release|Any CPU
	EndGlobalSection
	GlobalSection(ProjectConfigurationPlatforms) = postSolution
		{D2E99AA1-A99F-42E1-9377-747DC743E90C}.Debug|Any CPU.ActiveCfg = Debug|Any CPU
		{D2E99AA1-A99F-42E1-9377-747DC743E90C}.Debug|Any CPU.Build.0 = Debug|Any CPU
		{D2E99AA1-A99F-42E1-9377-747DC743E90C}.Release|Any CPU.ActiveCfg = Release|Any CPU
		{D2E99AA1-A99F-42E1-9377-747DC743E90C}.Release|Any CPU.Build.0 = Release|Any CPU
	EndGlobalSection
	GlobalSection(SolutionProperties) = preSolution
		HideSolutionNode = FALSE
	EndGlobalSection
	GlobalSection(ExtensibilityGlobals) = postSolution
		SolutionGuid = {0A06E2B6-E990-4087-BA15-581A902AF917}
	EndGlobalSection
EndGlobal
