
Microsoft Visual Studio Solution File, Format Version 12.00
# Visual Studio Version 17
VisualStudioVersion = 17.12.35527.113 d17.12
MinimumVisualStudioVersion = 10.0.40219.1
Project("{FAE04EC0-301F-11D3-BF4B-00C04F79EFBC}") = "StructComplex", "GeometricShaps\StructComplex.csproj", "{19A3CE59-4578-4F4B-B17B-686ACB214379}"
EndProject
Project("{FAE04EC0-301F-11D3-BF4B-00C04F79EFBC}") = "GeometricShaps", "Shaps\GeometricShaps.csproj", "{C07F6DAA-ADEF-4C28-B580-E5377788E096}"
EndProject
Global
	GlobalSection(SolutionConfigurationPlatforms) = preSolution
		Debug|Any CPU = Debug|Any CPU
		Release|Any CPU = Release|Any CPU
	EndGlobalSection
	GlobalSection(ProjectConfigurationPlatforms) = postSolution
		{19A3CE59-4578-4F4B-B17B-686ACB214379}.Debug|Any CPU.ActiveCfg = Debug|Any CPU
		{19A3CE59-4578-4F4B-B17B-686ACB214379}.Debug|Any CPU.Build.0 = Debug|Any CPU
		{19A3CE59-4578-4F4B-B17B-686ACB214379}.Release|Any CPU.ActiveCfg = Release|Any CPU
		{19A3CE59-4578-4F4B-B17B-686ACB214379}.Release|Any CPU.Build.0 = Release|Any CPU
		{C07F6DAA-ADEF-4C28-B580-E5377788E096}.Debug|Any CPU.ActiveCfg = Debug|Any CPU
		{C07F6DAA-ADEF-4C28-B580-E5377788E096}.Debug|Any CPU.Build.0 = Debug|Any CPU
		{C07F6DAA-ADEF-4C28-B580-E5377788E096}.Release|Any CPU.ActiveCfg = Release|Any CPU
		{C07F6DAA-ADEF-4C28-B580-E5377788E096}.Release|Any CPU.Build.0 = Release|Any CPU
	EndGlobalSection
	GlobalSection(SolutionProperties) = preSolution
		HideSolutionNode = FALSE
	EndGlobalSection
EndGlobal
